{
  "name": "@antv/layout",
  "version": "1.0.10",
  "lockfileVersion": 1,
  "requires": true,
  "dependencies": {
    "@types/d3-force": {
      "version": "2.1.0",
      "resolved": "https://registry.npmjs.org/@types/d3-force/-/d3-force-2.1.0.tgz",
      "integrity": "sha512-LGDtC2YADu8OBniq9EBx/MOsXsMcJbEkmfSpXuz6oVdRamB+3CLCiq5EKFPEILGZQckkilGFq1ZTJ7kc289k+Q==",
      "dev": true
    }
  }
}
